Microsoft Visual Studio Solution File, Format Version 12.00
# Visual Studio Version 17
VisualStudioVersion = 17.5.2.0
MinimumVisualStudioVersion = 10.0.40219.1
Project("{FAE04EC0-301F-11D3-BF4B-00C04F79EFBC}") = "hi", "hi.csproj", "{F3235498-3449-32E4-9C55-A46EBB1731F4}"
EndProject
Global
	GlobalSection(SolutionConfigurationPlatforms) = preSolution
		Debug|Any CPU = Debug|Any CPU
		Release|Any CPU = Release|Any CPU
	EndGlobalSection
	GlobalSection(ProjectConfigurationPlatforms) = postSolution
		{F3235498-3449-32E4-9C55-A46EBB1731F4}.Debug|Any CPU.ActiveCfg = Debug|Any CPU
		{F3235498-3449-32E4-9C55-A46EBB1731F4}.Debug|Any CPU.Build.0 = Debug|Any CPU
		{F3235498-3449-32E4-9C55-A46EBB1731F4}.Release|Any CPU.ActiveCfg = Release|Any CPU
		{F3235498-3449-32E4-9C55-A46EBB1731F4}.Release|Any CPU.Build.0 = Release|Any CPU
	EndGlobalSection
	GlobalSection(SolutionProperties) = preSolution
		HideSolutionNode = FALSE
	EndGlobalSection
	GlobalSection(ExtensibilityGlobals) = postSolution
		SolutionGuid = {35872822-B152-43F4-A799-AE3C6B74936E}
	EndGlobalSection
EndGlobal
